// !$*UTF8*$!
{
	archiveVersion = 1;
	classes = {
	};
	objectVersion = 77;
	objects = {

/* Begin PBXBuildFile section */
		2CBD5E4B2DD348E100BDAE91 /* FirebaseFirestore in Frameworks */ = {isa = PBXBuildFile; productRef = 2CBD5E4A2DD348E100BDAE91 /* FirebaseFirestore */; };
		2CBD5E572DD3B62500BDAE91 /* FirebaseAuth in Frameworks */ = {isa = PBXBuildFile; productRef = 2CBD5E562DD3B62500BDAE91 /* FirebaseAuth */; };
		2CBD5E5B2DD3B73100BDAE91 /* FirebaseCore in Frameworks */ = {isa = PBXBuildFile; productRef = 2CBD5E5A2DD3B73100BDAE91 /* FirebaseCore */; };
/* End PBXBuildFile section */

/* Begin PBXContainerItemProxy section */
		2CBD5E182DD3429200BDAE91 /* PBXContainerItemProxy */ = {
			isa = PBXContainerItemProxy;
			containerPortal = 2CBD5DFB2DD3429000BDAE91 /* Project object */;
			proxyType = 1;
			remoteGlobalIDString = 2CBD5E022DD3429000BDAE91;
			remoteInfo = PairPlan;
		};
		2CBD5E222DD3429200BDAE91 /* PBXContainerItemProxy */ = {
			isa = PBXContainerItemProxy;
			containerPortal = 2CBD5DFB2DD3429000BDAE91 /* Project object */;
			proxyType = 1;
			remoteGlobalIDString = 2CBD5E022DD3429000BDAE91;
			remoteInfo = PairPlan;
		};
/* End PBXContainerItemProxy section */

/* Begin PBXFileReference section */
		2CBD5E032DD3429000BDAE91 /* PairPlan.app */ = {isa = PBXFileReference; explicitFileType = wrapper.application; includeInIndex = 0; path = PairPlan.app; sourceTree = BUILT_PRODUCTS_DIR; };
		2CBD5E172DD3429200BDAE91 /* PairPlanTests.xctest */ = {isa = PBXFileReference; explicitFileType = wrapper.cfbundle; includeInIndex = 0; path = PairPlanTests.xctest; sourceTree = BUILT_PRODUCTS_DIR; };
		2CBD5E212DD3429200BDAE91 /* PairPlanUITests.xctest */ = {isa = PBXFileReference; explicitFileType = wrapper.cfbundle; includeInIndex = 0; path = PairPlanUITests.xctest; sourceTree = BUILT_PRODUCTS_DIR; };
/* End PBXFileReference section */

/* Begin PBXFileSystemSynchronizedBuildFileExceptionSet section */
		2CBD5E292DD3429200BDAE91 /* Exceptions for "PairPlan" folder in "PairPlan" target */ = {
			isa = PBXFileSystemSynchronizedBuildFileExceptionSet;
			membershipExceptions = (
				Info.plist,
			);
			target = 2CBD5E022DD3429000BDAE91 /* PairPlan */;
		};
/* End PBXFileSystemSynchronizedBuildFileExceptionSet section */

/* Begin PBXFileSystemSynchronizedRootGroup section */
		2CBD5E052DD3429000BDAE91 /* PairPlan */ = {
			isa = PBXFileSystemSynchronizedRootGroup;
			exceptions = (
				2CBD5E292DD3429200BDAE91 /* Exceptions for "PairPlan" folder in "PairPlan" target */,
			);
			path = PairPlan;
			sourceTree = "<group>";
		};
		2CBD5E1A2DD3429200BDAE91 /* PairPlanTests */ = {
			isa = PBXFileSystemSynchronizedRootGroup;
			path = PairPlanTests;
			sourceTree = "<group>";
		};
		2CBD5E242DD3429200BDAE91 /* PairPlanUITests */ = {
			isa = PBXFileSystemSynchronizedRootGroup;
			path = PairPlanUITests;
			sourceTree = "<group>";
		};
/* End PBXFileSystemSynchronizedRootGroup section */

/* Begin PBXFrameworksBuildPhase section */
		2CBD5E002DD3429000BDAE91 /* Frameworks */ = {
			isa = PBXFrameworksBuildPhase;
			buildActionMask = 2147483647;
			files = (
				2CBD5E4B2DD348E100BDAE91 /* FirebaseFirestore in Frameworks */,
				2CBD5E5B2DD3B73100BDAE91 /* FirebaseCore in Frameworks */,
				2CBD5E572DD3B62500BDAE91 /* FirebaseAuth in Frameworks */,
			);
			runOnlyForDeploymentPostprocessing = 0;
		};
		2CBD5E142DD3429200BDAE91 /* Frameworks */ = {
			isa = PBXFrameworksBuildPhase;
			buildActionMask = 2147483647;
			files = (
			);
			runOnlyForDeploymentPostprocessing = 0;
		};
		2CBD5E1E2DD3429200BDAE91 /* Frameworks */ = {
			isa = PBXFrameworksBuildPhase;
			buildActionMask = 2147483647;
			files = (
			);
			runOnlyForDeploymentPostprocessing = 0;
		};
/* End PBXFrameworksBuildPhase section */

/* Begin PBXGroup section */
		2CBD5DFA2DD3429000BDAE91 = {
			isa = PBXGroup;
			children = (
				2CBD5E052DD3429000BDAE91 /* PairPlan */,
				2CBD5E1A2DD3429200BDAE91 /* PairPlanTests */,
				2CBD5E242DD3429200BDAE91 /* PairPlanUITests */,
				2CBD5E042DD3429000BDAE91 /* Products */,
			);
			sourceTree = "<group>";
		};
		2CBD5E042DD3429000BDAE91 /* Products */ = {
			isa = PBXGroup;
			children = (
				2CBD5E032DD3429000BDAE91 /* PairPlan.app */,
				2CBD5E172DD3429200BDAE91 /* PairPlanTests.xctest */,
				2CBD5E212DD3429200BDAE91 /* PairPlanUITests.xctest */,
			);
			name = Products;
			sourceTree = "<group>";
		};
/* End PBXGroup section */

/* Begin PBXNativeTarget section */
		2CBD5E022DD3429000BDAE91 /* PairPlan */ = {
			isa = PBXNativeTarget;
			buildConfigurationList = 2CBD5E2A2DD3429200BDAE91 /* Build configuration list for PBXNativeTarget "PairPlan" */;
			buildPhases = (
				2CBD5DFF2DD3429000BDAE91 /* Sources */,
				2CBD5E002DD3429000BDAE91 /* Frameworks */,
				2CBD5E012DD3429000BDAE91 /* Resources */,
			);
			buildRules = (
			);
			dependencies = (
			);
			fileSystemSynchronizedGroups = (
				2CBD5E052DD3429000BDAE91 /* PairPlan */,
			);
			name = PairPlan;
			packageProductDependencies = (
				2CBD5E4A2DD348E100BDAE91 /* FirebaseFirestore */,
				2CBD5E562DD3B62500BDAE91 /* FirebaseAuth */,
				2CBD5E5A2DD3B73100BDAE91 /* FirebaseCore */,
			);
			productName = PairPlan;
			productReference = 2CBD5E032DD3429000BDAE91 /* PairPlan.app */;
			productType = "com.apple.product-type.application";
		};
		2CBD5E162DD3429200BDAE91 /* PairPlanTests */ = {
			isa = PBXNativeTarget;
			buildConfigurationList = 2CBD5E2F2DD3429200BDAE91 /* Build configuration list for PBXNativeTarget "PairPlanTests" */;
			buildPhases = (
				2CBD5E132DD3429200BDAE91 /* Sources */,
				2CBD5E142DD3429200BDAE91 /* Frameworks */,
				2CBD5E152DD3429200BDAE91 /* Resources */,
			);
			buildRules = (
			);
			dependencies = (
				2CBD5E192DD3429200BDAE91 /* PBXTargetDependency */,
			);
			fileSystemSynchronizedGroups = (
				2CBD5E1A2DD3429200BDAE91 /* PairPlanTests */,
			);
			name = PairPlanTests;
			packageProductDependencies = (
			);
			productName = PairPlanTests;
			productReference = 2CBD5E172DD3429200BDAE91 /* PairPlanTests.xctest */;
			productType = "com.apple.product-type.bundle.unit-test";
		};
		2CBD5E202DD3429200BDAE91 /* PairPlanUITests */ = {
			isa = PBXNativeTarget;
			buildConfigurationList = 2CBD5E322DD3429200BDAE91 /* Build configuration list for PBXNativeTarget "PairPlanUITests" */;
			buildPhases = (
				2CBD5E1D2DD3429200BDAE91 /* Sources */,
				2CBD5E1E2DD3429200BDAE91 /* Frameworks */,
				2CBD5E1F2DD3429200BDAE91 /* Resources */,
			);
			buildRules = (
			);
			dependencies = (
				2CBD5E232DD3429200BDAE91 /* PBXTargetDependency */,
			);
			fileSystemSynchronizedGroups = (
				2CBD5E242DD3429200BDAE91 /* PairPlanUITests */,
			);
			name = PairPlanUITests;
			packageProductDependencies = (
			);
			productName = PairPlanUITests;
			productReference = 2CBD5E212DD3429200BDAE91 /* PairPlanUITests.xctest */;
			productType = "com.apple.product-type.bundle.ui-testing";
		};
/* End PBXNativeTarget section */

/* Begin PBXProject section */
		2CBD5DFB2DD3429000BDAE91 /* Project object */ = {
			isa = PBXProject;
			attributes = {
				BuildIndependentTargetsInParallel = 1;
				LastSwiftUpdateCheck = 1620;
				LastUpgradeCheck = 1620;
				TargetAttributes = {
					2CBD5E022DD3429000BDAE91 = {
						CreatedOnToolsVersion = 16.2;
						LastSwiftMigration = 1620;
					};
					2CBD5E162DD3429200BDAE91 = {
						CreatedOnToolsVersion = 16.2;
						TestTargetID = 2CBD5E022DD3429000BDAE91;
					};
					2CBD5E202DD3429200BDAE91 = {
						CreatedOnToolsVersion = 16.2;
						TestTargetID = 2CBD5E022DD3429000BDAE91;
					};
				};
			};
			buildConfigurationList = 2CBD5DFE2DD3429000BDAE91 /* Build configuration list for PBXProject "PairPlan" */;
			developmentRegion = en;
			hasScannedForEncodings = 0;
			knownRegions = (
				en,
				Base,
			);
			mainGroup = 2CBD5DFA2DD3429000BDAE91;
			minimizedProjectReferenceProxies = 1;
			packageReferences = (
				2CBD5E492DD348E100BDAE91 /* XCRemoteSwiftPackageReference "firebase-ios-sdk" */,
			);
			preferredProjectObjectVersion = 77;
			productRefGroup = 2CBD5E042DD3429000BDAE91 /* Products */;
			projectDirPath = "";
			projectRoot = "";
			targets = (
				2CBD5E022DD3429000BDAE91 /* PairPlan */,
				2CBD5E162DD3429200BDAE91 /* PairPlanTests */,
				2CBD5E202DD3429200BDAE91 /* PairPlanUITests */,
			);
		};
/* End PBXProject section */

/* Begin PBXResourcesBuildPhase section */
		2CBD5E012DD3429000BDAE91 /* Resources */ = {
			isa = PBXResourcesBuildPhase;
			buildActionMask = 2147483647;
			files = (
			);
			runOnlyForDeploymentPostprocessing = 0;
		};
		2CBD5E152DD3429200BDAE91 /* Resources */ = {
			isa = PBXResourcesBuildPhase;
			buildActionMask = 2147483647;
			files = (
			);
			runOnlyForDeploymentPostprocessing = 0;
		};
		2CBD5E1F2DD3429200BDAE91 /* Resources */ = {
			isa = PBXResourcesBuildPhase;
			buildActionMask = 2147483647;
			files = (
			);
			runOnlyForDeploymentPostprocessing = 0;
		};
/* End PBXResourcesBuildPhase section */

/* Begin PBXSourcesBuildPhase section */
		2CBD5DFF2DD3429000BDAE91 /* Sources */ = {
			isa = PBXSourcesBuildPhase;
			buildActionMask = 2147483647;
			files = (
			);
			runOnlyForDeploymentPostprocessing = 0;
		};
		2CBD5E132DD3429200BDAE91 /* Sources */ = {
			isa = PBXSourcesBuildPhase;
			buildActionMask = 2147483647;
			files = (
			);
			runOnlyForDeploymentPostprocessing = 0;
		};
		2CBD5E1D2DD3429200BDAE91 /* Sources */ = {
			isa = PBXSourcesBuildPhase;
			buildActionMask = 2147483647;
			files = (
			);
			runOnlyForDeploymentPostprocessing = 0;
		};
/* End PBXSourcesBuildPhase section */

/* Begin PBXTargetDependency section */
		2CBD5E192DD3429200BDAE91 /* PBXTargetDependency */ = {
			isa = PBXTargetDependency;
			target = 2CBD5E022DD3429000BDAE91 /* PairPlan */;
			targetProxy = 2CBD5E182DD3429200BDAE91 /* PBXContainerItemProxy */;
		};
		2CBD5E232DD3429200BDAE91 /* PBXTargetDependency */ = {
			isa = PBXTargetDependency;
			target = 2CBD5E022DD3429000BDAE91 /* PairPlan */;
			targetProxy = 2CBD5E222DD3429200BDAE91 /* PBXContainerItemProxy */;
		};
/* End PBXTargetDependency section */

/* Begin XCBuildConfiguration section */
		2CBD5E2B2DD3429200BDAE91 /* Debug */ = {
			isa = XCBuildConfiguration;
			buildSettings = {
				ASSETCATALOG_COMPILER_APPICON_NAME = AppIcon;
				ASSETCATALOG_COMPILER_GLOBAL_ACCENT_COLOR_NAME = AccentColor;
				CLANG_ENABLE_MODULES = YES;
				CODE_SIGN_ENTITLEMENTS = PairPlan/PairPlan.entitlements;
				CODE_SIGN_STYLE = Automatic;
				CURRENT_PROJECT_VERSION = 1;
				DEVELOPMENT_ASSET_PATHS = "\"PairPlan/Preview Content\"";
				DEVELOPMENT_TEAM = C8NMK6MDC8;
				ENABLE_HARDENED_RUNTIME = YES;
				ENABLE_PREVIEWS = YES;
				GENERATE_INFOPLIST_FILE = YES;
				INFOPLIST_FILE = PairPlan/Info.plist;
				"INFOPLIST_KEY_UIApplicationSceneManifest_Generation[sdk=iphoneos*]" = YES;
				"INFOPLIST_KEY_UIApplicationSceneManifest_Generation[sdk=iphonesimulator*]" = YES;
				"INFOPLIST_KEY_UIApplicationSupportsIndirectInputEvents[sdk=iphoneos*]" = YES;
				"INFOPLIST_KEY_UIApplicationSupportsIndirectInputEvents[sdk=iphonesimulator*]" = YES;
				"INFOPLIST_KEY_UILaunchScreen_Generation[sdk=iphoneos*]" = YES;
				"INFOPLIST_KEY_UILaunchScreen_Generation[sdk=iphonesimulator*]" = YES;
				"INFOPLIST_KEY_UIStatusBarStyle[sdk=iphoneos*]" = UIStatusBarStyleDefault;
				"INFOPLIST_KEY_UIStatusBarStyle[sdk=iphonesimulator*]" = UIStatusBarStyleDefault;
				INFOPLIST_KEY_UISupportedInterfaceOrientations_iPad = "UIInterfaceOrientationPortrait UIInterfaceOrientationPortraitUpsideDown UIInterfaceOrientationLandscapeLeft UIInterfaceOrientationLandscapeRight";
				INFOPLIST_KEY_UISupportedInterfaceOrientations_iPhone = "UIInterfaceOrientationPortrait UIInterfaceOrientationLandscapeLeft UIInterfaceOrientationLandscapeRight";
				IPHONEOS_DEPLOYMENT_TARGET = 18.2;
				LD_RUNPATH_SEARCH_PATHS = "@executable_path/Frameworks";
				"LD_RUNPATH_SEARCH_PATHS[sdk=macosx*]" = "@executable_path/../Frameworks";
				MACOSX_DEPLOYMENT_TARGET = 14.0;
				MARKETING_VERSION = 1.0;
				PRODUCT_BUNDLE_IDENTIFIER = com.EwanpyApp.PairPlan;
				PRODUCT_NAME = "$(TARGET_NAME)";
				SDKROOT = auto;
				SUPPORTED_PLATFORMS = "iphoneos iphonesimulator macosx xros xrsimulator";
				SWIFT_EMIT_LOC_STRINGS = YES;
				SWIFT_OPTIMIZATION_LEVEL = "-Onone";
				SWIFT_VERSION = 5.0;
				TARGETED_DEVICE_FAMILY = "1,2,7";
				XROS_DEPLOYMENT_TARGET = 2.2;
			};
			name = Debug;
		};
		2CBD5E2C2DD3429200BDAE91 /* Release */ = {
			isa = XCBuildConfiguration;
			buildSettings = {
				ASSETCATALOG_COMPILER_APPICON_NAME = AppIcon;
				ASSETCATALOG_COMPILER_GLOBAL_ACCENT_COLOR_NAME = AccentColor;
				CLANG_ENABLE_MODULES = YES;
				CODE_SIGN_ENTITLEMENTS = PairPlan/PairPlan.entitlements;
				CODE_SIGN_STYLE = Automatic;
				CURRENT_PROJECT_VERSION = 1;
				DEVELOPMENT_ASSET_PATHS = "\"PairPlan/Preview Content\"";
				DEVELOPMENT_TEAM = C8NMK6MDC8;
				ENABLE_HARDENED_RUNTIME = YES;
				ENABLE_PREVIEWS = YES;
				GENERATE_INFOPLIST_FILE = YES;
				INFOPLIST_FILE = PairPlan/Info.plist;
				"INFOPLIST_KEY_UIApplicationSceneManifest_Generation[sdk=iphoneos*]" = YES;
				"INFOPLIST_KEY_UIApplicationSceneManifest_Generation[sdk=iphonesimulator*]" = YES;
				"INFOPLIST_KEY_UIApplicationSupportsIndirectInputEvents[sdk=iphoneos*]" = YES;
				"INFOPLIST_KEY_UIApplicationSupportsIndirectInputEvents[sdk=iphonesimulator*]" = YES;
				"INFOPLIST_KEY_UILaunchScreen_Generation[sdk=iphoneos*]" = YES;
				"INFOPLIST_KEY_UILaunchScreen_Generation[sdk=iphonesimulator*]" = YES;
				"INFOPLIST_KEY_UIStatusBarStyle[sdk=iphoneos*]" = UIStatusBarStyleDefault;
				"INFOPLIST_KEY_UIStatusBarStyle[sdk=iphonesimulator*]" = UIStatusBarStyleDefault;
				INFOPLIST_KEY_UISupportedInterfaceOrientations_iPad = "UIInterfaceOrientationPortrait UIInterfaceOrientationPortraitUpsideDown UIInterfaceOrientationLandscapeLeft UIInterfaceOrientationLandscapeRight";
				INFOPLIST_KEY_UISupportedInterfaceOrientations_iPhone = "UIInterfaceOrientationPortrait UIInterfaceOrientationLandscapeLeft UIInterfaceOrientationLandscapeRight";
				IPHONEOS_DEPLOYMENT_TARGET = 18.2;
				LD_RUNPATH_SEARCH_PATHS = "@executable_path/Frameworks";
				"LD_RUNPATH_SEARCH_PATHS[sdk=macosx*]" = "@executable_path/../Frameworks";
				MACOSX_DEPLOYMENT_TARGET = 14.0;
				MARKETING_VERSION = 1.0;
				PRODUCT_BUNDLE_IDENTIFIER = com.EwanpyApp.PairPlan;
				PRODUCT_NAME = "$(TARGET_NAME)";
				SDKROOT = auto;
				SUPPORTED_PLATFORMS = "iphoneos iphonesimulator macosx xros xrsimulator";
				SWIFT_EMIT_LOC_STRINGS = YES;
				SWIFT_VERSION = 5.0;
				TARGETED_DEVICE_FAMILY = "1,2,7";
				XROS_DEPLOYMENT_TARGET = 2.2;
			};
			name = Release;
		};
		2CBD5E2D2DD3429200BDAE91 /* Debug */ = {
			isa = XCBuildConfiguration;
			buildSettings = {
				ALWAYS_SEARCH_USER_PATHS = NO;
				ASSETCATALOG_COMPILER_GENERATE_SWIFT_ASSET_SYMBOL_EXTENSIONS = YES;
				CLANG_ANALYZER_NONNULL = YES;
				CLANG_ANALYZER_NUMBER_OBJECT_CONVERSION = YES_AGGRESSIVE;
				CLANG_CXX_LANGUAGE_STANDARD = "gnu++20";
				CLANG_ENABLE_MODULES = YES;
				CLANG_ENABLE_OBJC_ARC = YES;
				CLANG_ENABLE_OBJC_WEAK = YES;
				CLANG_WARN_BLOCK_CAPTURE_AUTORELEASING = YES;
				CLANG_WARN_BOOL_CONVERSION = YES;
				CLANG_WARN_COMMA = YES;
				CLANG_WARN_CONSTANT_CONVERSION = YES;
				CLANG_WARN_DEPRECATED_OBJC_IMPLEMENTATIONS = YES;
				CLANG_WARN_DIRECT_OBJC_ISA_USAGE = YES_ERROR;
				CLANG_WARN_DOCUMENTATION_COMMENTS = YES;
				CLANG_WARN_EMPTY_BODY = YES;
				CLANG_WARN_ENUM_CONVERSION = YES;
				CLANG_WARN_INFINITE_RECURSION = YES;
				CLANG_WARN_INT_CONVERSION = YES;
				CLANG_WARN_NON_LITERAL_NULL_CONVERSION = YES;
				CLANG_WARN_OBJC_IMPLICIT_RETAIN_SELF = YES;
				CLANG_WARN_OBJC_LITERAL_CONVERSION = YES;
				CLANG_WARN_OBJC_ROOT_CLASS = YES_ERROR;
				CLANG_WARN_QUOTED_INCLUDE_IN_FRAMEWORK_HEADER = YES;
				CLANG_WARN_RANGE_LOOP_ANALYSIS = YES;
				CLANG_WARN_STRICT_PROTOTYPES = YES;
				CLANG_WARN_SUSPICIOUS_MOVE = YES;
				CLANG_WARN_UNGUARDED_AVAILABILITY = YES_AGGRESSIVE;
				CLANG_WARN_UNREACHABLE_CODE = YES;
				CLANG_WARN__DUPLICATE_METHOD_MATCH = YES;
				COPY_PHASE_STRIP = NO;
				DEBUG_INFORMATION_FORMAT = dwarf;
				ENABLE_STRICT_OBJC_MSGSEND = YES;
				ENABLE_TESTABILITY = YES;
				ENABLE_USER_SCRIPT_SANDBOXING = YES;
				GCC_C_LANGUAGE_STANDARD = gnu17;
				GCC_DYNAMIC_NO_PIC = NO;
				GCC_NO_COMMON_BLOCKS = YES;
				GCC_OPTIMIZATION_LEVEL = 0;
				GCC_PREPROCESSOR_DEFINITIONS = (
					"DEBUG=1",
					"$(inherited)",
				);
				GCC_WARN_64_TO_32_BIT_CONVERSION = YES;
				GCC_WARN_ABOUT_RETURN_TYPE = YES_ERROR;
				GCC_WARN_UNDECLARED_SELECTOR = YES;
				GCC_WARN_UNINITIALIZED_AUTOS = YES_AGGRESSIVE;
				GCC_WARN_UNUSED_FUNCTION = YES;
				GCC_WARN_UNUSED_VARIABLE = YES;
				LOCALIZATION_PREFERS_STRING_CATALOGS = YES;
				MTL_ENABLE_DEBUG_INFO = INCLUDE_SOURCE;
				MTL_FAST_MATH = YES;
				ONLY_ACTIVE_ARCH = YES;
				SWIFT_ACTIVE_COMPILATION_CONDITIONS = "DEBUG $(inherited)";
				SWIFT_OPTIMIZATION_LEVEL = "-Onone";
			};
			name = Debug;
		};
		2CBD5E2E2DD3429200BDAE91 /* Release */ = {
			isa = XCBuildConfiguration;
			buildSettings = {
				ALWAYS_SEARCH_USER_PATHS = NO;
				ASSETCATALOG_COMPILER_GENERATE_SWIFT_ASSET_SYMBOL_EXTENSIONS = YES;
				CLANG_ANALYZER_NONNULL = YES;
				CLANG_ANALYZER_NUMBER_OBJECT_CONVERSION = YES_AGGRESSIVE;
				CLANG_CXX_LANGUAGE_STANDARD = "gnu++20";
				CLANG_ENABLE_MODULES = YES;
				CLANG_ENABLE_OBJC_ARC = YES;
				CLANG_ENABLE_OBJC_WEAK = YES;
				CLANG_WARN_BLOCK_CAPTURE_AUTORELEASING = YES;
				CLANG_WARN_BOOL_CONVERSION = YES;
				CLANG_WARN_COMMA = YES;
				CLANG_WARN_CONSTANT_CONVERSION = YES;
				CLANG_WARN_DEPRECATED_OBJC_IMPLEMENTATIONS = YES;
				CLANG_WARN_DIRECT_OBJC_ISA_USAGE = YES_ERROR;
				CLANG_WARN_DOCUMENTATION_COMMENTS = YES;
				CLANG_WARN_EMPTY_BODY = YES;
				CLANG_WARN_ENUM_CONVERSION = YES;
				CLANG_WARN_INFINITE_RECURSION = YES;
				CLANG_WARN_INT_CONVERSION = YES;
				CLANG_WARN_NON_LITERAL_NULL_CONVERSION = YES;
				CLANG_WARN_OBJC_IMPLICIT_RETAIN_SELF = YES;
				CLANG_WARN_OBJC_LITERAL_CONVERSION = YES;
				CLANG_WARN_OBJC_ROOT_CLASS = YES_ERROR;
				CLANG_WARN_QUOTED_INCLUDE_IN_FRAMEWORK_HEADER = YES;
				CLANG_WARN_RANGE_LOOP_ANALYSIS = YES;
				CLANG_WARN_STRICT_PROTOTYPES = YES;
				CLANG_WARN_SUSPICIOUS_MOVE = YES;
				CLANG_WARN_UNGUARDED_AVAILABILITY = YES_AGGRESSIVE;
				CLANG_WARN_UNREACHABLE_CODE = YES;
				CLANG_WARN__DUPLICATE_METHOD_MATCH = YES;
				COPY_PHASE_STRIP = NO;
				DEBUG_INFORMATION_FORMAT = "dwarf-with-dsym";
				ENABLE_NS_ASSERTIONS = NO;
				ENABLE_STRICT_OBJC_MSGSEND = YES;
				ENABLE_USER_SCRIPT_SANDBOXING = YES;
				GCC_C_LANGUAGE_STANDARD = gnu17;
				GCC_NO_COMMON_BLOCKS = YES;
				GCC_WARN_64_TO_32_BIT_CONVERSION = YES;
				GCC_WARN_ABOUT_RETURN_TYPE = YES_ERROR;
				GCC_WARN_UNDECLARED_SELECTOR = YES;
				GCC_WARN_UNINITIALIZED_AUTOS = YES_AGGRESSIVE;
				GCC_WARN_UNUSED_FUNCTION = YES;
				GCC_WARN_UNUSED_VARIABLE = YES;
				LOCALIZATION_PREFERS_STRING_CATALOGS = YES;
				MTL_ENABLE_DEBUG_INFO = NO;
				MTL_FAST_MATH = YES;
				SWIFT_COMPILATION_MODE = wholemodule;
			};
			name = Release;
		};
		2CBD5E302DD3429200BDAE91 /* Debug */ = {
			isa = XCBuildConfiguration;
			buildSettings = {
				BUNDLE_LOADER = "$(TEST_HOST)";
				CODE_SIGN_STYLE = Automatic;
				CURRENT_PROJECT_VERSION = 1;
				DEVELOPMENT_TEAM = C8NMK6MDC8;
				GENERATE_INFOPLIST_FILE = YES;
				IPHONEOS_DEPLOYMENT_TARGET = 18.2;
				MACOSX_DEPLOYMENT_TARGET = 15.2;
				MARKETING_VERSION = 1.0;
				PRODUCT_BUNDLE_IDENTIFIER = com.EwanpyPairPlanApp.PairPlanTests;
				PRODUCT_NAME = "$(TARGET_NAME)";
				SDKROOT = auto;
				SUPPORTED_PLATFORMS = "iphoneos iphonesimulator macosx xros xrsimulator";
				SWIFT_EMIT_LOC_STRINGS = NO;
				SWIFT_VERSION = 5.0;
				TARGETED_DEVICE_FAMILY = "1,2,7";
				TEST_HOST = "$(BUILT_PRODUCTS_DIR)/PairPlan.app/$(BUNDLE_EXECUTABLE_FOLDER_PATH)/PairPlan";
				XROS_DEPLOYMENT_TARGET = 2.2;
			};
			name = Debug;
		};
		2CBD5E312DD3429200BDAE91 /* Release */ = {
			isa = XCBuildConfiguration;
			buildSettings = {
				BUNDLE_LOADER = "$(TEST_HOST)";
				CODE_SIGN_STYLE = Automatic;
				CURRENT_PROJECT_VERSION = 1;
				DEVELOPMENT_TEAM = C8NMK6MDC8;
				GENERATE_INFOPLIST_FILE = YES;
				IPHONEOS_DEPLOYMENT_TARGET = 18.2;
				MACOSX_DEPLOYMENT_TARGET = 15.2;
				MARKETING_VERSION = 1.0;
				PRODUCT_BUNDLE_IDENTIFIER = com.EwanpyPairPlanApp.PairPlanTests;
				PRODUCT_NAME = "$(TARGET_NAME)";
				SDKROOT = auto;
				SUPPORTED_PLATFORMS = "iphoneos iphonesimulator macosx xros xrsimulator";
				SWIFT_EMIT_LOC_STRINGS = NO;
				SWIFT_VERSION = 5.0;
				TARGETED_DEVICE_FAMILY = "1,2,7";
				TEST_HOST = "$(BUILT_PRODUCTS_DIR)/PairPlan.app/$(BUNDLE_EXECUTABLE_FOLDER_PATH)/PairPlan";
				XROS_DEPLOYMENT_TARGET = 2.2;
			};
			name = Release;
		};
		2CBD5E332DD3429200BDAE91 /* Debug */ = {
			isa = XCBuildConfiguration;
			buildSettings = {
				CODE_SIGN_STYLE = Automatic;
				CURRENT_PROJECT_VERSION = 1;
				DEVELOPMENT_TEAM = C8NMK6MDC8;
				GENERATE_INFOPLIST_FILE = YES;
				IPHONEOS_DEPLOYMENT_TARGET = 18.2;
				MACOSX_DEPLOYMENT_TARGET = 15.2;
				MARKETING_VERSION = 1.0;
				PRODUCT_BUNDLE_IDENTIFIER = com.EwanpyPairPlanApp.PairPlanUITests;
				PRODUCT_NAME = "$(TARGET_NAME)";
				SDKROOT = auto;
				SUPPORTED_PLATFORMS = "iphoneos iphonesimulator macosx xros xrsimulator";
				SWIFT_EMIT_LOC_STRINGS = NO;
				SWIFT_VERSION = 5.0;
				TARGETED_DEVICE_FAMILY = "1,2,7";
				TEST_TARGET_NAME = PairPlan;
				XROS_DEPLOYMENT_TARGET = 2.2;
			};
			name = Debug;
		};
		2CBD5E342DD3429200BDAE91 /* Release */ = {
			isa = XCBuildConfiguration;
			buildSettings = {
				CODE_SIGN_STYLE = Automatic;
				CURRENT_PROJECT_VERSION = 1;
				DEVELOPMENT_TEAM = C8NMK6MDC8;
				GENERATE_INFOPLIST_FILE = YES;
				IPHONEOS_DEPLOYMENT_TARGET = 18.2;
				MACOSX_DEPLOYMENT_TARGET = 15.2;
				MARKETING_VERSION = 1.0;
				PRODUCT_BUNDLE_IDENTIFIER = com.EwanpyPairPlanApp.PairPlanUITests;
				PRODUCT_NAME = "$(TARGET_NAME)";
				SDKROOT = auto;
				SUPPORTED_PLATFORMS = "iphoneos iphonesimulator macosx xros xrsimulator";
				SWIFT_EMIT_LOC_STRINGS = NO;
				SWIFT_VERSION = 5.0;
				TARGETED_DEVICE_FAMILY = "1,2,7";
				TEST_TARGET_NAME = PairPlan;
				XROS_DEPLOYMENT_TARGET = 2.2;
			};
			name = Release;
		};
/* End XCBuildConfiguration section */

/* Begin XCConfigurationList section */
		2CBD5DFE2DD3429000BDAE91 /* Build configuration list for PBXProject "PairPlan" */ = {
			isa = XCConfigurationList;
			buildConfigurations = (
				2CBD5E2D2DD3429200BDAE91 /* Debug */,
				2CBD5E2E2DD3429200BDAE91 /* Release */,
			);
			defaultConfigurationIsVisible = 0;
			defaultConfigurationName = Release;
		};
		2CBD5E2A2DD3429200BDAE91 /* Build configuration list for PBXNativeTarget "PairPlan" */ = {
			isa = XCConfigurationList;
			buildConfigurations = (
				2CBD5E2B2DD3429200BDAE91 /* Debug */,
				2CBD5E2C2DD3429200BDAE91 /* Release */,
			);
			defaultConfigurationIsVisible = 0;
			defaultConfigurationName = Release;
		};
		2CBD5E2F2DD3429200BDAE91 /* Build configuration list for PBXNativeTarget "PairPlanTests" */ = {
			isa = XCConfigurationList;
			buildConfigurations = (
				2CBD5E302DD3429200BDAE91 /* Debug */,
				2CBD5E312DD3429200BDAE91 /* Release */,
			);
			defaultConfigurationIsVisible = 0;
			defaultConfigurationName = Release;
		};
		2CBD5E322DD3429200BDAE91 /* Build configuration list for PBXNativeTarget "PairPlanUITests" */ = {
			isa = XCConfigurationList;
			buildConfigurations = (
				2CBD5E332DD3429200BDAE91 /* Debug */,
				2CBD5E342DD3429200BDAE91 /* Release */,
			);
			defaultConfigurationIsVisible = 0;
			defaultConfigurationName = Release;
		};
/* End XCConfigurationList section */

/* Begin XCRemoteSwiftPackageReference section */
		2CBD5E492DD348E100BDAE91 /* XCRemoteSwiftPackageReference "firebase-ios-sdk" */ = {
			isa = XCRemoteSwiftPackageReference;
			repositoryURL = "https://github.com/firebase/firebase-ios-sdk.git";
			requirement = {
				kind = upToNextMajorVersion;
				minimumVersion = 11.12.0;
			};
		};
/* End XCRemoteSwiftPackageReference section */

/* Begin XCSwiftPackageProductDependency section */
		2CBD5E4A2DD348E100BDAE91 /* FirebaseFirestore */ = {
			isa = XCSwiftPackageProductDependency;
			package = 2CBD5E492DD348E100BDAE91 /* XCRemoteSwiftPackageReference "firebase-ios-sdk" */;
			productName = FirebaseFirestore;
		};
		2CBD5E562DD3B62500BDAE91 /* FirebaseAuth */ = {
			isa = XCSwiftPackageProductDependency;
			package = 2CBD5E492DD348E100BDAE91 /* XCRemoteSwiftPackageReference "firebase-ios-sdk" */;
			productName = FirebaseAuth;
		};
		2CBD5E5A2DD3B73100BDAE91 /* FirebaseCore */ = {
			isa = XCSwiftPackageProductDependency;
			package = 2CBD5E492DD348E100BDAE91 /* XCRemoteSwiftPackageReference "firebase-ios-sdk" */;
			productName = FirebaseCore;
		};
/* End XCSwiftPackageProductDependency section */
	};
	rootObject = 2CBD5DFB2DD3429000BDAE91 /* Project object */;
}
